
Microsoft Visual Studio Solution File, Format Version 12.00
# Visual Studio Version 17
VisualStudioVersion = 17.7.34009.444
MinimumVisualStudioVersion = 10.0.40219.1
Project("{FAE04EC0-301F-11D3-BF4B-00C04F79EFBC}") = "Praktika1", "Praktika1\Praktika1.csproj", "{042C7383-931B-4F43-9E21-4270525EF46A}"
EndProject
Global
	GlobalSection(SolutionConfigurationPlatforms) = preSolution
		Debug|Any CPU = Debug|Any CPU
		Release|Any CPU = Release|Any CPU
	EndGlobalSection
	GlobalSection(ProjectConfigurationPlatforms) = postSolution
		{042C7383-931B-4F43-9E21-4270525EF46A}.Debug|Any CPU.ActiveCfg = Debug|Any CPU
		{042C7383-931B-4F43-9E21-4270525EF46A}.Debug|Any CPU.Build.0 = Debug|Any CPU
		{042C7383-931B-4F43-9E21-4270525EF46A}.Release|Any CPU.ActiveCfg = Release|Any CPU
		{042C7383-931B-4F43-9E21-4270525EF46A}.Release|Any CPU.Build.0 = Release|Any CPU
	EndGlobalSection
	GlobalSection(SolutionProperties) = preSolution
		HideSolutionNode = FALSE
	EndGlobalSection
	GlobalSection(ExtensibilityGlobals) = postSolution
		SolutionGuid = {4F0C1869-058F-465D-A91C-4B3D495D18D4}
	EndGlobalSection
EndGlobal
